
Microsoft Visual Studio Solution File, Format Version 12.00
# Visual Studio 2012
Project("{FAE04EC0-301F-11D3-BF4B-00C04F79EFBC}") = "CMS", "CMS\CMS.csproj", "{935837E5-1B63-4090-AEFD-9B95E8B4DB5F}"
EndProject
Global
	GlobalSection(SolutionConfigurationPlatforms) = preSolution
		Debug|Any CPU = Debug|Any CPU
		Release|Any CPU = Release|Any CPU
	EndGlobalSection
	GlobalSection(ProjectConfigurationPlatforms) = postSolution
		{935837E5-1B63-4090-AEFD-9B95E8B4DB5F}.Debug|Any CPU.ActiveCfg = Debug|Any CPU
		{935837E5-1B63-4090-AEFD-9B95E8B4DB5F}.Debug|Any CPU.Build.0 = Debug|Any CPU
		{935837E5-1B63-4090-AEFD-9B95E8B4DB5F}.Release|Any CPU.ActiveCfg = Release|Any CPU
		{935837E5-1B63-4090-AEFD-9B95E8B4DB5F}.Release|Any CPU.Build.0 = Release|Any CPU
	EndGlobalSection
EndGlobal
